{
	"name": "@vdegenne/test",
	"version": "1.0.1",
	"lockfileVersion": 3,
	"requires": true,
	"packages": {
		"": {
			"name": "@vdegenne/test",
			"version": "1.0.1",
			"devDependencies": {
				"@vdegenne/test": "^1.0.1",
				"typescript": "^5.3.3"
			}
		},
		"node_modules/@vdegenne/test": {
			"version": "1.0.1",
			"resolved": "https://registry.npmjs.org/@vdegenne/test/-/test-1.0.1.tgz",
			"integrity": "sha512-U5htCjxykdHmYkqW8ajoN1dTv+0r/dZs5ehJ03jGKQYzlUgPZ68siYD9qmUvl7FI7L+tmoMKuNIKuIgk+c0y4Q==",
			"dev": true
		},
		"node_modules/typescript": {
			"version": "5.3.3",
			"resolved": "https://registry.npmjs.org/typescript/-/typescript-5.3.3.tgz",
			"integrity": "sha512-pXWcraxM0uxAS+tN0AG/BF2TyqmHO014Z070UsJ+pFvYuRSq8KH8DmWpnbXe0pEPDHXZV3FcAbJkijJ5oNEnWw==",
			"dev": true,
			"bin": {
				"tsc": "bin/tsc",
				"tsserver": "bin/tsserver"
			},
			"engines": {
				"node": ">=14.17"
			}
		}
	}
}
